// !$*UTF8*$!
{
	archiveVersion = 1;
	classes = {
	};
	objectVersion = 46;
	objects = {

/* Begin PBXBuildFile section */
		AA4058F71A9BF49A0060812B /* AppDelegate.swift in Sources */ = {isa = PBXBuildFile; fileRef = AA4058F61A9BF49A0060812B /* AppDelegate.swift */; };
		AA4058F91A9BF49A0060812B /* ViewController.swift in Sources */ = {isa = PBXBuildFile; fileRef = AA4058F81A9BF49A0060812B /* ViewController.swift */; };
		AA4058FC1A9BF49B0060812B /* Main.storyboard in Resources */ = {isa = PBXBuildFile; fileRef = AA4058FA1A9BF49B0060812B /* Main.storyboard */; };
		AA4058FE1A9BF49B0060812B /* Images.xcassets in Resources */ = {isa = PBXBuildFile; fileRef = AA4058FD1A9BF49B0060812B /* Images.xcassets */; };
		AA4059011A9BF49B0060812B /* LaunchScreen.xib in Resources */ = {isa = PBXBuildFile; fileRef = AA4058FF1A9BF49B0060812B /* LaunchScreen.xib */; };
		AA40590D1A9BF49B0060812B /* ramencameraTests.swift in Sources */ = {isa = PBXBuildFile; fileRef = AA40590C1A9BF49B0060812B /* ramencameraTests.swift */; };
/* End PBXBuildFile section */

/* Begin PBXContainerItemProxy section */
		AA4059071A9BF49B0060812B /* PBXContainerItemProxy */ = {
			isa = PBXContainerItemProxy;
			containerPortal = AA4058E91A9BF49A0060812B /* Project object */;
			proxyType = 1;
			remoteGlobalIDString = AA4058F01A9BF49A0060812B;
			remoteInfo = ramencamera;
		};
/* End PBXContainerItemProxy section */

/* Begin PBXFileReference section */
		AA4058F11A9BF49A0060812B /* ramencamera.app */ = {isa = PBXFileReference; explicitFileType = wrapper.application; includeInIndex = 0; path = ramencamera.app; sourceTree = BUILT_PRODUCTS_DIR; };
		AA4058F51A9BF49A0060812B /* Info.plist */ = {isa = PBXFileReference; lastKnownFileType = text.plist.xml; path = Info.plist; sourceTree = "<group>"; };
		AA4058F61A9BF49A0060812B /* AppDelegate.swift */ = {isa = PBXFileReference; lastKnownFileType = sourcecode.swift; path = AppDelegate.swift; sourceTree = "<group>"; };
		AA4058F81A9BF49A0060812B /* ViewController.swift */ = {isa = PBXFileReference; lastKnownFileType = sourcecode.swift; path = ViewController.swift; sourceTree = "<group>"; };
		AA4058FB1A9BF49B0060812B /* Base */ = {isa = PBXFileReference; lastKnownFileType = file.storyboard; name = Base; path = Base.lproj/Main.storyboard; sourceTree = "<group>"; };
		AA4058FD1A9BF49B0060812B /* Images.xcassets */ = {isa = PBXFileReference; lastKnownFileType = folder.assetcatalog; path = Images.xcassets; sourceTree = "<group>"; };
		AA4059001A9BF49B0060812B /* Base */ = {isa = PBXFileReference; lastKnownFileType = file.xib; name = Base; path = Base.lproj/LaunchScreen.xib; sourceTree = "<group>"; };
		AA4059061A9BF49B0060812B /* ramencameraTests.xctest */ = {isa = PBXFileReference; explicitFileType = wrapper.cfbundle; includeInIndex = 0; path = ramencameraTests.xctest; sourceTree = BUILT_PRODUCTS_DIR; };
		AA40590B1A9BF49B0060812B /* Info.plist */ = {isa = PBXFileReference; lastKnownFileType = text.plist.xml; path = Info.plist; sourceTree = "<group>"; };
		AA40590C1A9BF49B0060812B /* ramencameraTests.swift */ = {isa = PBXFileReference; lastKnownFileType = sourcecode.swift; path = ramencameraTests.swift; sourceTree = "<group>"; };
/* End PBXFileReference section */

/* Begin PBXFrameworksBuildPhase section */
		AA4058EE1A9BF49A0060812B /* Frameworks */ = {
			isa = PBXFrameworksBuildPhase;
			buildActionMask = 2147483647;
			files = (
			);
			runOnlyForDeploymentPostprocessing = 0;
		};
		AA4059031A9BF49B0060812B /* Frameworks */ = {
			isa = PBXFrameworksBuildPhase;
			buildActionMask = 2147483647;
			files = (
			);
			runOnlyForDeploymentPostprocessing = 0;
		};
/* End PBXFrameworksBuildPhase section */

/* Begin PBXGroup section */
		AA4058E81A9BF49A0060812B = {
			isa = PBXGroup;
			children = (
				AA4058F31A9BF49A0060812B /* ramencamera */,
				AA4059091A9BF49B0060812B /* ramencameraTests */,
				AA4058F21A9BF49A0060812B /* Products */,
			);
			sourceTree = "<group>";
		};
		AA4058F21A9BF49A0060812B /* Products */ = {
			isa = PBXGroup;
			children = (
				AA4058F11A9BF49A0060812B /* ramencamera.app */,
				AA4059061A9BF49B0060812B /* ramencameraTests.xctest */,
			);
			name = Products;
			sourceTree = "<group>";
		};
		AA4058F31A9BF49A0060812B /* ramencamera */ = {
			isa = PBXGroup;
			children = (
				AA4058F61A9BF49A0060812B /* AppDelegate.swift */,
				AA4058F81A9BF49A0060812B /* ViewController.swift */,
				AA4058FA1A9BF49B0060812B /* Main.storyboard */,
				AA4058FD1A9BF49B0060812B /* Images.xcassets */,
				AA4058FF1A9BF49B0060812B /* LaunchScreen.xib */,
				AA4058F41A9BF49A0060812B /* Supporting Files */,
			);
			path = ramencamera;
			sourceTree = "<group>";
		};
		AA4058F41A9BF49A0060812B /* Supporting Files */ = {
			isa = PBXGroup;
			children = (
				AA4058F51A9BF49A0060812B /* Info.plist */,
			);
			name = "Supporting Files";
			sourceTree = "<group>";
		};
		AA4059091A9BF49B0060812B /* ramencameraTests */ = {
			isa = PBXGroup;
			children = (
				AA40590C1A9BF49B0060812B /* ramencameraTests.swift */,
				AA40590A1A9BF49B0060812B /* Supporting Files */,
			);
			path = ramencameraTests;
			sourceTree = "<group>";
		};
		AA40590A1A9BF49B0060812B /* Supporting Files */ = {
			isa = PBXGroup;
			children = (
				AA40590B1A9BF49B0060812B /* Info.plist */,
			);
			name = "Supporting Files";
			sourceTree = "<group>";
		};
/* End PBXGroup section */

/* Begin PBXNativeTarget section */
		AA4058F01A9BF49A0060812B /* ramencamera */ = {
			isa = PBXNativeTarget;
			buildConfigurationList = AA4059101A9BF49B0060812B /* Build configuration list for PBXNativeTarget "ramencamera" */;
			buildPhases = (
				AA4058ED1A9BF49A0060812B /* Sources */,
				AA4058EE1A9BF49A0060812B /* Frameworks */,
				AA4058EF1A9BF49A0060812B /* Resources */,
			);
			buildRules = (
			);
			dependencies = (
			);
			name = ramencamera;
			productName = ramencamera;
			productReference = AA4058F11A9BF49A0060812B /* ramencamera.app */;
			productType = "com.apple.product-type.application";
		};
		AA4059051A9BF49B0060812B /* ramencameraTests */ = {
			isa = PBXNativeTarget;
			buildConfigurationList = AA4059131A9BF49B0060812B /* Build configuration list for PBXNativeTarget "ramencameraTests" */;
			buildPhases = (
				AA4059021A9BF49B0060812B /* Sources */,
				AA4059031A9BF49B0060812B /* Frameworks */,
				AA4059041A9BF49B0060812B /* Resources */,
			);
			buildRules = (
			);
			dependencies = (
				AA4059081A9BF49B0060812B /* PBXTargetDependency */,
			);
			name = ramencameraTests;
			productName = ramencameraTests;
			productReference = AA4059061A9BF49B0060812B /* ramencameraTests.xctest */;
			productType = "com.apple.product-type.bundle.unit-test";
		};
/* End PBXNativeTarget section */

/* Begin PBXProject section */
		AA4058E91A9BF49A0060812B /* Project object */ = {
			isa = PBXProject;
			attributes = {
				LastUpgradeCheck = 0610;
				ORGANIZATIONNAME = ryoma;
				TargetAttributes = {
					AA4058F01A9BF49A0060812B = {
						CreatedOnToolsVersion = 6.1.1;
					};
					AA4059051A9BF49B0060812B = {
						CreatedOnToolsVersion = 6.1.1;
						TestTargetID = AA4058F01A9BF49A0060812B;
					};
				};
			};
			buildConfigurationList = AA4058EC1A9BF49A0060812B /* Build configuration list for PBXProject "ramencamera" */;
			compatibilityVersion = "Xcode 3.2";
			developmentRegion = English;
			hasScannedForEncodings = 0;
			knownRegions = (
				en,
				Base,
			);
			mainGroup = AA4058E81A9BF49A0060812B;
			productRefGroup = AA4058F21A9BF49A0060812B /* Products */;
			projectDirPath = "";
			projectRoot = "";
			targets = (
				AA4058F01A9BF49A0060812B /* ramencamera */,
				AA4059051A9BF49B0060812B /* ramencameraTests */,
			);
		};
/* End PBXProject section */

/* Begin PBXResourcesBuildPhase section */
		AA4058EF1A9BF49A0060812B /* Resources */ = {
			isa = PBXResourcesBuildPhase;
			buildActionMask = 2147483647;
			files = (
				AA4058FC1A9BF49B0060812B /* Main.storyboard in Resources */,
				AA4059011A9BF49B0060812B /* LaunchScreen.xib in Resources */,
				AA4058FE1A9BF49B0060812B /* Images.xcassets in Resources */,
			);
			runOnlyForDeploymentPostprocessing = 0;
		};
		AA4059041A9BF49B0060812B /* Resources */ = {
			isa = PBXResourcesBuildPhase;
			buildActionMask = 2147483647;
			files = (
			);
			runOnlyForDeploymentPostprocessing = 0;
		};
/* End PBXResourcesBuildPhase section */

/* Begin PBXSourcesBuildPhase section */
		AA4058ED1A9BF49A0060812B /* Sources */ = {
			isa = PBXSourcesBuildPhase;
			buildActionMask = 2147483647;
			files = (
				AA4058F91A9BF49A0060812B /* ViewController.swift in Sources */,
				AA4058F71A9BF49A0060812B /* AppDelegate.swift in Sources */,
			);
			runOnlyForDeploymentPostprocessing = 0;
		};
		AA4059021A9BF49B0060812B /* Sources */ = {
			isa = PBXSourcesBuildPhase;
			buildActionMask = 2147483647;
			files = (
				AA40590D1A9BF49B0060812B /* ramencameraTests.swift in Sources */,
			);
			runOnlyForDeploymentPostprocessing = 0;
		};
/* End PBXSourcesBuildPhase section */

/* Begin PBXTargetDependency section */
		AA4059081A9BF49B0060812B /* PBXTargetDependency */ = {
			isa = PBXTargetDependency;
			target = AA4058F01A9BF49A0060812B /* ramencamera */;
			targetProxy = AA4059071A9BF49B0060812B /* PBXContainerItemProxy */;
		};
/* End PBXTargetDependency section */

/* Begin PBXVariantGroup section */
		AA4058FA1A9BF49B0060812B /* Main.storyboard */ = {
			isa = PBXVariantGroup;
			children = (
				AA4058FB1A9BF49B0060812B /* Base */,
			);
			name = Main.storyboard;
			sourceTree = "<group>";
		};
		AA4058FF1A9BF49B0060812B /* LaunchScreen.xib */ = {
			isa = PBXVariantGroup;
			children = (
				AA4059001A9BF49B0060812B /* Base */,
			);
			name = LaunchScreen.xib;
			sourceTree = "<group>";
		};
/* End PBXVariantGroup section */

/* Begin XCBuildConfiguration section */
		AA40590E1A9BF49B0060812B /* Debug */ = {
			isa = XCBuildConfiguration;
			buildSettings = {
				ALWAYS_SEARCH_USER_PATHS = NO;
				CLANG_CXX_LANGUAGE_STANDARD = "gnu++0x";
				CLANG_CXX_LIBRARY = "libc++";
				CLANG_ENABLE_MODULES = YES;
				CLANG_ENABLE_OBJC_ARC = YES;
				CLANG_WARN_BOOL_CONVERSION = YES;
				CLANG_WARN_CONSTANT_CONVERSION = YES;
				CLANG_WARN_DIRECT_OBJC_ISA_USAGE = YES_ERROR;
				CLANG_WARN_EMPTY_BODY = YES;
				CLANG_WARN_ENUM_CONVERSION = YES;
				CLANG_WARN_INT_CONVERSION = YES;
				CLANG_WARN_OBJC_ROOT_CLASS = YES_ERROR;
				CLANG_WARN_UNREACHABLE_CODE = YES;
				CLANG_WARN__DUPLICATE_METHOD_MATCH = YES;
				"CODE_SIGN_IDENTITY[sdk=iphoneos*]" = "iPhone Developer";
				COPY_PHASE_STRIP = NO;
				ENABLE_STRICT_OBJC_MSGSEND = YES;
				GCC_C_LANGUAGE_STANDARD = gnu99;
				GCC_DYNAMIC_NO_PIC = NO;
				GCC_OPTIMIZATION_LEVEL = 0;
				GCC_PREPROCESSOR_DEFINITIONS = (
					"DEBUG=1",
					"$(inherited)",
				);
				GCC_SYMBOLS_PRIVATE_EXTERN = NO;
				GCC_WARN_64_TO_32_BIT_CONVERSION = YES;
				GCC_WARN_ABOUT_RETURN_TYPE = YES_ERROR;
				GCC_WARN_UNDECLARED_SELECTOR = YES;
				GCC_WARN_UNINITIALIZED_AUTOS = YES_AGGRESSIVE;
				GCC_WARN_UNUSED_FUNCTION = YES;
				GCC_WARN_UNUSED_VARIABLE = YES;
				IPHONEOS_DEPLOYMENT_TARGET = 8.1;
				MTL_ENABLE_DEBUG_INFO = YES;
				ONLY_ACTIVE_ARCH = YES;
				SDKROOT = iphoneos;
				SWIFT_OPTIMIZATION_LEVEL = "-Onone";
				TARGETED_DEVICE_FAMILY = "1,2";
			};
			name = Debug;
		};
		AA40590F1A9BF49B0060812B /* Release */ = {
			isa = XCBuildConfiguration;
			buildSettings = {
				ALWAYS_SEARCH_USER_PATHS = NO;
				CLANG_CXX_LANGUAGE_STANDARD = "gnu++0x";
				CLANG_CXX_LIBRARY = "libc++";
				CLANG_ENABLE_MODULES = YES;
				CLANG_ENABLE_OBJC_ARC = YES;
				CLANG_WARN_BOOL_CONVERSION = YES;
				CLANG_WARN_CONSTANT_CONVERSION = YES;
				CLANG_WARN_DIRECT_OBJC_ISA_USAGE = YES_ERROR;
				CLANG_WARN_EMPTY_BODY = YES;
				CLANG_WARN_ENUM_CONVERSION = YES;
				CLANG_WARN_INT_CONVERSION = YES;
				CLANG_WARN_OBJC_ROOT_CLASS = YES_ERROR;
				CLANG_WARN_UNREACHABLE_CODE = YES;
				CLANG_WARN__DUPLICATE_METHOD_MATCH = YES;
				"CODE_SIGN_IDENTITY[sdk=iphoneos*]" = "iPhone Developer";
				COPY_PHASE_STRIP = YES;
				ENABLE_NS_ASSERTIONS = NO;
				ENABLE_STRICT_OBJC_MSGSEND = YES;
				GCC_C_LANGUAGE_STANDARD = gnu99;
				GCC_WARN_64_TO_32_BIT_CONVERSION = YES;
				GCC_WARN_ABOUT_RETURN_TYPE = YES_ERROR;
				GCC_WARN_UNDECLARED_SELECTOR = YES;
				GCC_WARN_UNINITIALIZED_AUTOS = YES_AGGRESSIVE;
				GCC_WARN_UNUSED_FUNCTION = YES;
				GCC_WARN_UNUSED_VARIABLE = YES;
				IPHONEOS_DEPLOYMENT_TARGET = 8.1;
				MTL_ENABLE_DEBUG_INFO = NO;
				SDKROOT = iphoneos;
				TARGETED_DEVICE_FAMILY = "1,2";
				VALIDATE_PRODUCT = YES;
			};
			name = Release;
		};
		AA4059111A9BF49B0060812B /* Debug */ = {
			isa = XCBuildConfiguration;
			buildSettings = {
				ASSETCATALOG_COMPILER_APPICON_NAME = AppIcon;
				INFOPLIST_FILE = ramencamera/Info.plist;
				LD_RUNPATH_SEARCH_PATHS = "$(inherited) @executable_path/Frameworks";
				PRODUCT_NAME = "$(TARGET_NAME)";
			};
			name = Debug;
		};
		AA4059121A9BF49B0060812B /* Release */ = {
			isa = XCBuildConfiguration;
			buildSettings = {
				ASSETCATALOG_COMPILER_APPICON_NAME = AppIcon;
				INFOPLIST_FILE = ramencamera/Info.plist;
				LD_RUNPATH_SEARCH_PATHS = "$(inherited) @executable_path/Frameworks";
				PRODUCT_NAME = "$(TARGET_NAME)";
			};
			name = Release;
		};
		AA4059141A9BF49B0060812B /* Debug */ = {
			isa = XCBuildConfiguration;
			buildSettings = {
				BUNDLE_LOADER = "$(TEST_HOST)";
				FRAMEWORK_SEARCH_PATHS = (
					"$(SDKROOT)/Developer/Library/Frameworks",
					"$(inherited)",
				);
				GCC_PREPROCESSOR_DEFINITIONS = (
					"DEBUG=1",
					"$(inherited)",
				);
				INFOPLIST_FILE = ramencameraTests/Info.plist;
				LD_RUNPATH_SEARCH_PATHS = "$(inherited) @executable_path/Frameworks @loader_path/Frameworks";
				PRODUCT_NAME = "$(TARGET_NAME)";
				TEST_HOST = "$(BUILT_PRODUCTS_DIR)/ramencamera.app/ramencamera";
			};
			name = Debug;
		};
		AA4059151A9BF49B0060812B /* Release */ = {
			isa = XCBuildConfiguration;
			buildSettings = {
				BUNDLE_LOADER = "$(TEST_HOST)";
				FRAMEWORK_SEARCH_PATHS = (
					"$(SDKROOT)/Developer/Library/Frameworks",
					"$(inherited)",
				);
				INFOPLIST_FILE = ramencameraTests/Info.plist;
				LD_RUNPATH_SEARCH_PATHS = "$(inherited) @executable_path/Frameworks @loader_path/Frameworks";
				PRODUCT_NAME = "$(TARGET_NAME)";
				TEST_HOST = "$(BUILT_PRODUCTS_DIR)/ramencamera.app/ramencamera";
			};
			name = Release;
		};
/* End XCBuildConfiguration section */

/* Begin XCConfigurationList section */
		AA4058EC1A9BF49A0060812B /* Build configuration list for PBXProject "ramencamera" */ = {
			isa = XCConfigurationList;
			buildConfigurations = (
				AA40590E1A9BF49B0060812B /* Debug */,
				AA40590F1A9BF49B0060812B /* Release */,
			);
			defaultConfigurationIsVisible = 0;
			defaultConfigurationName = Release;
		};
		AA4059101A9BF49B0060812B /* Build configuration list for PBXNativeTarget "ramencamera" */ = {
			isa = XCConfigurationList;
			buildConfigurations = (
				AA4059111A9BF49B0060812B /* Debug */,
				AA4059121A9BF49B0060812B /* Release */,
			);
			defaultConfigurationIsVisible = 0;
		};
		AA4059131A9BF49B0060812B /* Build configuration list for PBXNativeTarget "ramencameraTests" */ = {
			isa = XCConfigurationList;
			buildConfigurations = (
				AA4059141A9BF49B0060812B /* Debug */,
				AA4059151A9BF49B0060812B /* Release */,
			);
			defaultConfigurationIsVisible = 0;
		};
/* End XCConfigurationList section */
	};
	rootObject = AA4058E91A9BF49A0060812B /* Project object */;
}
